
Microsoft Visual Studio Solution File, Format Version 12.00
Project("{FAE04EC0-301F-11D3-BF4B-00C04F79EFBC}") = "LeetCode", "LeetCode\LeetCode.csproj", "{82CFB651-580F-4754-AEDE-6444AB9C4331}"
EndProject
Global
	GlobalSection(SolutionConfigurationPlatforms) = preSolution
		Debug|Any CPU = Debug|Any CPU
		Release|Any CPU = Release|Any CPU
	EndGlobalSection
	GlobalSection(ProjectConfigurationPlatforms) = postSolution
		{82CFB651-580F-4754-AEDE-6444AB9C4331}.Debug|Any CPU.ActiveCfg = Debug|Any CPU
		{82CFB651-580F-4754-AEDE-6444AB9C4331}.Debug|Any CPU.Build.0 = Debug|Any CPU
		{82CFB651-580F-4754-AEDE-6444AB9C4331}.Release|Any CPU.ActiveCfg = Release|Any CPU
		{82CFB651-580F-4754-AEDE-6444AB9C4331}.Release|Any CPU.Build.0 = Release|Any CPU
	EndGlobalSection
EndGlobal
